// !$*UTF8*$!
{
	archiveVersion = 1;
	classes = {
	};
	objectVersion = 54;
	objects = {

/* Begin PBXBuildFile section */
		381570F526D403E100BCBB5A /* MenuFetchingStub.swift in Sources */ = {isa = PBXBuildFile; fileRef = 381570F426D403E100BCBB5A /* MenuFetchingStub.swift */; };
		381570F726D407B900BCBB5A /* TestError.swift in Sources */ = {isa = PBXBuildFile; fileRef = 381570F626D407B900BCBB5A /* TestError.swift */; };
		381570FB26D40C1000BCBB5A /* MenuItemsTests.swift in Sources */ = {isa = PBXBuildFile; fileRef = 381570FA26D40C1000BCBB5A /* MenuItemsTests.swift */; };
		381570FE26D40D5600BCBB5A /* MenuItem+JSONFixture.swift in Sources */ = {isa = PBXBuildFile; fileRef = 381570FD26D40D5600BCBB5A /* MenuItem+JSONFixture.swift */; };
		386D7D1726D5765B00005318 /* HippoPayments.h in Headers */ = {isa = PBXBuildFile; fileRef = 386D7D1626D5765B00005318 /* HippoPayments.h */; settings = {ATTRIBUTES = (Public, ); }; };
		386D7D1A26D5765B00005318 /* HippoPayments.framework in Frameworks */ = {isa = PBXBuildFile; fileRef = 386D7D1426D5765B00005318 /* HippoPayments.framework */; };
		386D7D1B26D5765B00005318 /* HippoPayments.framework in Embed Frameworks */ = {isa = PBXBuildFile; fileRef = 386D7D1426D5765B00005318 /* HippoPayments.framework */; settings = {ATTRIBUTES = (CodeSignOnCopy, RemoveHeadersOnCopy, ); }; };
		386D7D2126D5766600005318 /* HippoPaymentsConfirmationViewController.swift in Sources */ = {isa = PBXBuildFile; fileRef = 386D7D2026D5766600005318 /* HippoPaymentsConfirmationViewController.swift */; };
		386D7D2326D5767400005318 /* HippoPaymentsError.swift in Sources */ = {isa = PBXBuildFile; fileRef = 386D7D2226D5767400005318 /* HippoPaymentsError.swift */; };
		386D7D2526D5767E00005318 /* HippoPaymentsProcessor.swift in Sources */ = {isa = PBXBuildFile; fileRef = 386D7D2426D5767E00005318 /* HippoPaymentsProcessor.swift */; };
		386D7D2726D5769100005318 /* UIViewController+Presentation.swift in Sources */ = {isa = PBXBuildFile; fileRef = 386D7D2626D5769100005318 /* UIViewController+Presentation.swift */; };
		386D7D3026D5772A00005318 /* HippoAnalytics.h in Headers */ = {isa = PBXBuildFile; fileRef = 386D7D2F26D5772A00005318 /* HippoAnalytics.h */; settings = {ATTRIBUTES = (Public, ); }; };
		386D7D3326D5772A00005318 /* HippoAnalytics.framework in Frameworks */ = {isa = PBXBuildFile; fileRef = 386D7D2D26D5772A00005318 /* HippoAnalytics.framework */; };
		386D7D3426D5772A00005318 /* HippoAnalytics.framework in Embed Frameworks */ = {isa = PBXBuildFile; fileRef = 386D7D2D26D5772A00005318 /* HippoAnalytics.framework */; settings = {ATTRIBUTES = (CodeSignOnCopy, RemoveHeadersOnCopy, ); }; };
		386D7D3926D5773200005318 /* HippoAnalyticsClient.swift in Sources */ = {isa = PBXBuildFile; fileRef = 386D7D3826D5773200005318 /* HippoAnalyticsClient.swift */; };
		386D7D3C26D57A4500005318 /* PaymentProcessing.swift in Sources */ = {isa = PBXBuildFile; fileRef = 386D7D3B26D57A4500005318 /* PaymentProcessing.swift */; };
		386D7D3E26D57E3F00005318 /* HippoPaymentsProcessor+PaymentProcessing.swift in Sources */ = {isa = PBXBuildFile; fileRef = 386D7D3D26D57E3F00005318 /* HippoPaymentsProcessor+PaymentProcessing.swift */; };
		386D7D4026D5882500005318 /* PaymentProcessingProxy.swift in Sources */ = {isa = PBXBuildFile; fileRef = 386D7D3F26D5882500005318 /* PaymentProcessingProxy.swift */; };
		38D3A85826D415A9009F4511 /* MenuFetcherTests.swift in Sources */ = {isa = PBXBuildFile; fileRef = 38D3A85726D415A9009F4511 /* MenuFetcherTests.swift */; };
		38D3A85A26D41637009F4511 /* MenuFetcher.swift in Sources */ = {isa = PBXBuildFile; fileRef = 38D3A85926D41637009F4511 /* MenuFetcher.swift */; };
		38D3A85C26D4164E009F4511 /* MenuFetching.swift in Sources */ = {isa = PBXBuildFile; fileRef = 38D3A85B26D4164E009F4511 /* MenuFetching.swift */; };
		38D3A85E26D41E23009F4511 /* NetworkFetchingStub.swift in Sources */ = {isa = PBXBuildFile; fileRef = 38D3A85D26D41E23009F4511 /* NetworkFetchingStub.swift */; };
		38D3A86126D42382009F4511 /* Order.swift in Sources */ = {isa = PBXBuildFile; fileRef = 38D3A86026D42382009F4511 /* Order.swift */; };
		38D3A86426D4239D009F4511 /* OrderController.swift in Sources */ = {isa = PBXBuildFile; fileRef = 38D3A86326D4239D009F4511 /* OrderController.swift */; };
		38D3A86726D423DA009F4511 /* OrderControllerTests.swift in Sources */ = {isa = PBXBuildFile; fileRef = 38D3A86626D423DA009F4511 /* OrderControllerTests.swift */; };
		38D3A86A26D42418009F4511 /* OrderTests.swift in Sources */ = {isa = PBXBuildFile; fileRef = 38D3A86926D42418009F4511 /* OrderTests.swift */; };
		38D3A86D26D42821009F4511 /* MenuItemDetail.swift in Sources */ = {isa = PBXBuildFile; fileRef = 38D3A86C26D42821009F4511 /* MenuItemDetail.swift */; };
		38D3A87026D4284C009F4511 /* MenuItemDetailViewModel.swift in Sources */ = {isa = PBXBuildFile; fileRef = 38D3A86F26D4284B009F4511 /* MenuItemDetailViewModel.swift */; };
		38D3A87326D4288C009F4511 /* MenuItemDetailViewModelTests.swift in Sources */ = {isa = PBXBuildFile; fileRef = 38D3A87226D4288C009F4511 /* MenuItemDetailViewModelTests.swift */; };
		38D3A87626D429D6009F4511 /* OrderButton.swift in Sources */ = {isa = PBXBuildFile; fileRef = 38D3A87526D429D6009F4511 /* OrderButton.swift */; };
		38D3A87926D42A06009F4511 /* OrderButtonViewModel.swift in Sources */ = {isa = PBXBuildFile; fileRef = 38D3A87826D42A06009F4511 /* OrderButtonViewModel.swift */; };
		38D3A87C26D42A54009F4511 /* OrderButtonViewModelTests.swift in Sources */ = {isa = PBXBuildFile; fileRef = 38D3A87B26D42A54009F4511 /* OrderButtonViewModelTests.swift */; };
		38D3A87F26D42A7C009F4511 /* OrderDetailViewModelTests.swift in Sources */ = {isa = PBXBuildFile; fileRef = 38D3A87E26D42A7C009F4511 /* OrderDetailViewModelTests.swift */; };
		38D3A88326D42ABE009F4511 /* OrderDetailViewModel.swift in Sources */ = {isa = PBXBuildFile; fileRef = 38D3A88226D42ABE009F4511 /* OrderDetailViewModel.swift */; };
		38D3A88526D42B23009F4511 /* OrderDetail.swift in Sources */ = {isa = PBXBuildFile; fileRef = 38D3A88426D42B23009F4511 /* OrderDetail.swift */; };
		38D3A88826D42B58009F4511 /* Color.swift in Sources */ = {isa = PBXBuildFile; fileRef = 38D3A88726D42B58009F4511 /* Color.swift */; };
		38F135FA26D3076800E1C41C /* AlbertosApp.swift in Sources */ = {isa = PBXBuildFile; fileRef = 38F135F926D3076800E1C41C /* AlbertosApp.swift */; };
		38F135FE26D3076900E1C41C /* Assets.xcassets in Resources */ = {isa = PBXBuildFile; fileRef = 38F135FD26D3076900E1C41C /* Assets.xcassets */; };
		38F1360126D3076900E1C41C /* Preview Assets.xcassets in Resources */ = {isa = PBXBuildFile; fileRef = 38F1360026D3076900E1C41C /* Preview Assets.xcassets */; };
		38F1361526D3076900E1C41C /* AlbertosUITests.swift in Sources */ = {isa = PBXBuildFile; fileRef = 38F1361426D3076900E1C41C /* AlbertosUITests.swift */; };
		38F1362226D307AB00E1C41C /* MenuGroupingTests.swift in Sources */ = {isa = PBXBuildFile; fileRef = 38F1362126D307AB00E1C41C /* MenuGroupingTests.swift */; };
		38F1362426D308DF00E1C41C /* MenuItem.swift in Sources */ = {isa = PBXBuildFile; fileRef = 38F1362326D308DF00E1C41C /* MenuItem.swift */; };
		38F1362626D308F500E1C41C /* MenuSection.swift in Sources */ = {isa = PBXBuildFile; fileRef = 38F1362526D308F500E1C41C /* MenuSection.swift */; };
		38F1362826D3092F00E1C41C /* MenuGrouping.swift in Sources */ = {isa = PBXBuildFile; fileRef = 38F1362726D3092F00E1C41C /* MenuGrouping.swift */; };
		38FE9DA126D31A4E00078BE0 /* MenuList.swift in Sources */ = {isa = PBXBuildFile; fileRef = 38FE9DA026D31A4E00078BE0 /* MenuList.swift */; };
		38FE9DA426D31CCD00078BE0 /* MenuItem+Fixture.swift in Sources */ = {isa = PBXBuildFile; fileRef = 38FE9DA326D31CCD00078BE0 /* MenuItem+Fixture.swift */; };
		38FE9DA626D31EB700078BE0 /* MenuSection+Fixture.swift in Sources */ = {isa = PBXBuildFile; fileRef = 38FE9DA526D31EB700078BE0 /* MenuSection+Fixture.swift */; };
		38FE9DAA26D3285700078BE0 /* MenuRow.swift in Sources */ = {isa = PBXBuildFile; fileRef = 38FE9DA926D3285700078BE0 /* MenuRow.swift */; };
		38FE9DAC26D328FF00078BE0 /* MenuRowViewModelTests.swift in Sources */ = {isa = PBXBuildFile; fileRef = 38FE9DAB26D328FF00078BE0 /* MenuRowViewModelTests.swift */; };
		38FE9DAF26D329B400078BE0 /* MenuRowViewModel.swift in Sources */ = {isa = PBXBuildFile; fileRef = 38FE9DAE26D329B400078BE0 /* MenuRowViewModel.swift */; };
		38FE9DB526D3319A00078BE0 /* MenuListViewModelTests.swift in Sources */ = {isa = PBXBuildFile; fileRef = 38FE9DB426D3319A00078BE0 /* MenuListViewModelTests.swift */; };
		38FE9DB726D332D200078BE0 /* MenuListViewModel.swift in Sources */ = {isa = PBXBuildFile; fileRef = 38FE9DB626D332D200078BE0 /* MenuListViewModel.swift */; };
		38FE9DB926D3355600078BE0 /* XCTestCase+MemoryLeaksTracking.swift in Sources */ = {isa = PBXBuildFile; fileRef = 38FE9DB826D3355600078BE0 /* XCTestCase+MemoryLeaksTracking.swift */; };
/* End PBXBuildFile section */

/* Begin PBXContainerItemProxy section */
		386D7D1826D5765B00005318 /* PBXContainerItemProxy */ = {
			isa = PBXContainerItemProxy;
			containerPortal = 38F135EE26D3076800E1C41C /* Project object */;
			proxyType = 1;
			remoteGlobalIDString = 386D7D1326D5765B00005318;
			remoteInfo = HippoPayments;
		};
		386D7D3126D5772A00005318 /* PBXContainerItemProxy */ = {
			isa = PBXContainerItemProxy;
			containerPortal = 38F135EE26D3076800E1C41C /* Project object */;
			proxyType = 1;
			remoteGlobalIDString = 386D7D2C26D5772A00005318;
			remoteInfo = HippoAnalytics;
		};
		38F1360726D3076900E1C41C /* PBXContainerItemProxy */ = {
			isa = PBXContainerItemProxy;
			containerPortal = 38F135EE26D3076800E1C41C /* Project object */;
			proxyType = 1;
			remoteGlobalIDString = 38F135F526D3076800E1C41C;
			remoteInfo = Albertos;
		};
		38F1361126D3076900E1C41C /* PBXContainerItemProxy */ = {
			isa = PBXContainerItemProxy;
			containerPortal = 38F135EE26D3076800E1C41C /* Project object */;
			proxyType = 1;
			remoteGlobalIDString = 38F135F526D3076800E1C41C;
			remoteInfo = Albertos;
		};
/* End PBXContainerItemProxy section */

/* Begin PBXCopyFilesBuildPhase section */
		386D7D1C26D5765B00005318 /* Embed Frameworks */ = {
			isa = PBXCopyFilesBuildPhase;
			buildActionMask = 2147483647;
			dstPath = "";
			dstSubfolderSpec = 10;
			files = (
				386D7D3426D5772A00005318 /* HippoAnalytics.framework in Embed Frameworks */,
				386D7D1B26D5765B00005318 /* HippoPayments.framework in Embed Frameworks */,
			);
			name = "Embed Frameworks";
			runOnlyForDeploymentPostprocessing = 0;
		};
/* End PBXCopyFilesBuildPhase section */

/* Begin PBXFileReference section */
		381570F426D403E100BCBB5A /* MenuFetchingStub.swift */ = {isa = PBXFileReference; lastKnownFileType = sourcecode.swift; path = MenuFetchingStub.swift; sourceTree = "<group>"; };
		381570F626D407B900BCBB5A /* TestError.swift */ = {isa = PBXFileReference; lastKnownFileType = sourcecode.swift; path = TestError.swift; sourceTree = "<group>"; };
		381570FA26D40C1000BCBB5A /* MenuItemsTests.swift */ = {isa = PBXFileReference; lastKnownFileType = sourcecode.swift; path = MenuItemsTests.swift; sourceTree = "<group>"; };
		381570FD26D40D5600BCBB5A /* MenuItem+JSONFixture.swift */ = {isa = PBXFileReference; lastKnownFileType = sourcecode.swift; path = "MenuItem+JSONFixture.swift"; sourceTree = "<group>"; };
		386D7D1426D5765B00005318 /* HippoPayments.framework */ = {isa = PBXFileReference; explicitFileType = wrapper.framework; includeInIndex = 0; path = HippoPayments.framework; sourceTree = BUILT_PRODUCTS_DIR; };
		386D7D1626D5765B00005318 /* HippoPayments.h */ = {isa = PBXFileReference; lastKnownFileType = sourcecode.c.h; path = HippoPayments.h; sourceTree = "<group>"; };
		386D7D2026D5766600005318 /* HippoPaymentsConfirmationViewController.swift */ = {isa = PBXFileReference; lastKnownFileType = sourcecode.swift; path = HippoPaymentsConfirmationViewController.swift; sourceTree = "<group>"; };
		386D7D2226D5767400005318 /* HippoPaymentsError.swift */ = {isa = PBXFileReference; lastKnownFileType = sourcecode.swift; path = HippoPaymentsError.swift; sourceTree = "<group>"; };
		386D7D2426D5767E00005318 /* HippoPaymentsProcessor.swift */ = {isa = PBXFileReference; lastKnownFileType = sourcecode.swift; path = HippoPaymentsProcessor.swift; sourceTree = "<group>"; };
		386D7D2626D5769100005318 /* UIViewController+Presentation.swift */ = {isa = PBXFileReference; lastKnownFileType = sourcecode.swift; path = "UIViewController+Presentation.swift"; sourceTree = "<group>"; };
		386D7D2D26D5772A00005318 /* HippoAnalytics.framework */ = {isa = PBXFileReference; explicitFileType = wrapper.framework; includeInIndex = 0; path = HippoAnalytics.framework; sourceTree = BUILT_PRODUCTS_DIR; };
		386D7D2F26D5772A00005318 /* HippoAnalytics.h */ = {isa = PBXFileReference; lastKnownFileType = sourcecode.c.h; path = HippoAnalytics.h; sourceTree = "<group>"; };
		386D7D3826D5773200005318 /* HippoAnalyticsClient.swift */ = {isa = PBXFileReference; lastKnownFileType = sourcecode.swift; path = HippoAnalyticsClient.swift; sourceTree = "<group>"; };
		386D7D3B26D57A4500005318 /* PaymentProcessing.swift */ = {isa = PBXFileReference; lastKnownFileType = sourcecode.swift; path = PaymentProcessing.swift; sourceTree = "<group>"; };
		386D7D3D26D57E3F00005318 /* HippoPaymentsProcessor+PaymentProcessing.swift */ = {isa = PBXFileReference; lastKnownFileType = sourcecode.swift; path = "HippoPaymentsProcessor+PaymentProcessing.swift"; sourceTree = "<group>"; };
		386D7D3F26D5882500005318 /* PaymentProcessingProxy.swift */ = {isa = PBXFileReference; lastKnownFileType = sourcecode.swift; path = PaymentProcessingProxy.swift; sourceTree = "<group>"; };
		38D3A85726D415A9009F4511 /* MenuFetcherTests.swift */ = {isa = PBXFileReference; lastKnownFileType = sourcecode.swift; path = MenuFetcherTests.swift; sourceTree = "<group>"; };
		38D3A85926D41637009F4511 /* MenuFetcher.swift */ = {isa = PBXFileReference; lastKnownFileType = sourcecode.swift; path = MenuFetcher.swift; sourceTree = "<group>"; };
		38D3A85B26D4164E009F4511 /* MenuFetching.swift */ = {isa = PBXFileReference; lastKnownFileType = sourcecode.swift; path = MenuFetching.swift; sourceTree = "<group>"; };
		38D3A85D26D41E23009F4511 /* NetworkFetchingStub.swift */ = {isa = PBXFileReference; lastKnownFileType = sourcecode.swift; path = NetworkFetchingStub.swift; sourceTree = "<group>"; };
		38D3A86026D42382009F4511 /* Order.swift */ = {isa = PBXFileReference; lastKnownFileType = sourcecode.swift; path = Order.swift; sourceTree = "<group>"; };
		38D3A86326D4239D009F4511 /* OrderController.swift */ = {isa = PBXFileReference; lastKnownFileType = sourcecode.swift; path = OrderController.swift; sourceTree = "<group>"; };
		38D3A86626D423DA009F4511 /* OrderControllerTests.swift */ = {isa = PBXFileReference; lastKnownFileType = sourcecode.swift; path = OrderControllerTests.swift; sourceTree = "<group>"; };
		38D3A86926D42418009F4511 /* OrderTests.swift */ = {isa = PBXFileReference; lastKnownFileType = sourcecode.swift; path = OrderTests.swift; sourceTree = "<group>"; };
		38D3A86C26D42821009F4511 /* MenuItemDetail.swift */ = {isa = PBXFileReference; lastKnownFileType = sourcecode.swift; path = MenuItemDetail.swift; sourceTree = "<group>"; };
		38D3A86F26D4284B009F4511 /* MenuItemDetailViewModel.swift */ = {isa = PBXFileReference; lastKnownFileType = sourcecode.swift; path = MenuItemDetailViewModel.swift; sourceTree = "<group>"; };
		38D3A87226D4288C009F4511 /* MenuItemDetailViewModelTests.swift */ = {isa = PBXFileReference; lastKnownFileType = sourcecode.swift; path = MenuItemDetailViewModelTests.swift; sourceTree = "<group>"; };
		38D3A87526D429D6009F4511 /* OrderButton.swift */ = {isa = PBXFileReference; lastKnownFileType = sourcecode.swift; path = OrderButton.swift; sourceTree = "<group>"; };
		38D3A87826D42A06009F4511 /* OrderButtonViewModel.swift */ = {isa = PBXFileReference; lastKnownFileType = sourcecode.swift; path = OrderButtonViewModel.swift; sourceTree = "<group>"; };
		38D3A87B26D42A54009F4511 /* OrderButtonViewModelTests.swift */ = {isa = PBXFileReference; lastKnownFileType = sourcecode.swift; path = OrderButtonViewModelTests.swift; sourceTree = "<group>"; };
		38D3A87E26D42A7C009F4511 /* OrderDetailViewModelTests.swift */ = {isa = PBXFileReference; lastKnownFileType = sourcecode.swift; path = OrderDetailViewModelTests.swift; sourceTree = "<group>"; };
		38D3A88226D42ABE009F4511 /* OrderDetailViewModel.swift */ = {isa = PBXFileReference; lastKnownFileType = sourcecode.swift; path = OrderDetailViewModel.swift; sourceTree = "<group>"; };
		38D3A88426D42B23009F4511 /* OrderDetail.swift */ = {isa = PBXFileReference; lastKnownFileType = sourcecode.swift; path = OrderDetail.swift; sourceTree = "<group>"; };
		38D3A88726D42B58009F4511 /* Color.swift */ = {isa = PBXFileReference; lastKnownFileType = sourcecode.swift; path = Color.swift; sourceTree = "<group>"; };
		38F135F626D3076800E1C41C /* Albertos.app */ = {isa = PBXFileReference; explicitFileType = wrapper.application; includeInIndex = 0; path = Albertos.app; sourceTree = BUILT_PRODUCTS_DIR; };
		38F135F926D3076800E1C41C /* AlbertosApp.swift */ = {isa = PBXFileReference; lastKnownFileType = sourcecode.swift; path = AlbertosApp.swift; sourceTree = "<group>"; };
		38F135FD26D3076900E1C41C /* Assets.xcassets */ = {isa = PBXFileReference; lastKnownFileType = folder.assetcatalog; path = Assets.xcassets; sourceTree = "<group>"; };
		38F1360026D3076900E1C41C /* Preview Assets.xcassets */ = {isa = PBXFileReference; lastKnownFileType = folder.assetcatalog; path = "Preview Assets.xcassets"; sourceTree = "<group>"; };
		38F1360626D3076900E1C41C /* AlbertosTests.xctest */ = {isa = PBXFileReference; explicitFileType = wrapper.cfbundle; includeInIndex = 0; path = AlbertosTests.xctest; sourceTree = BUILT_PRODUCTS_DIR; };
		38F1361026D3076900E1C41C /* AlbertosUITests.xctest */ = {isa = PBXFileReference; explicitFileType = wrapper.cfbundle; includeInIndex = 0; path = AlbertosUITests.xctest; sourceTree = BUILT_PRODUCTS_DIR; };
		38F1361426D3076900E1C41C /* AlbertosUITests.swift */ = {isa = PBXFileReference; lastKnownFileType = sourcecode.swift; path = AlbertosUITests.swift; sourceTree = "<group>"; };
		38F1362126D307AB00E1C41C /* MenuGroupingTests.swift */ = {isa = PBXFileReference; lastKnownFileType = sourcecode.swift; path = MenuGroupingTests.swift; sourceTree = "<group>"; };
		38F1362326D308DF00E1C41C /* MenuItem.swift */ = {isa = PBXFileReference; lastKnownFileType = sourcecode.swift; path = MenuItem.swift; sourceTree = "<group>"; };
		38F1362526D308F500E1C41C /* MenuSection.swift */ = {isa = PBXFileReference; lastKnownFileType = sourcecode.swift; path = MenuSection.swift; sourceTree = "<group>"; };
		38F1362726D3092F00E1C41C /* MenuGrouping.swift */ = {isa = PBXFileReference; lastKnownFileType = sourcecode.swift; path = MenuGrouping.swift; sourceTree = "<group>"; };
		38FE9DA026D31A4E00078BE0 /* MenuList.swift */ = {isa = PBXFileReference; fileEncoding = 4; lastKnownFileType = sourcecode.swift; path = MenuList.swift; sourceTree = "<group>"; };
		38FE9DA326D31CCD00078BE0 /* MenuItem+Fixture.swift */ = {isa = PBXFileReference; lastKnownFileType = sourcecode.swift; path = "MenuItem+Fixture.swift"; sourceTree = "<group>"; };
		38FE9DA526D31EB700078BE0 /* MenuSection+Fixture.swift */ = {isa = PBXFileReference; lastKnownFileType = sourcecode.swift; path = "MenuSection+Fixture.swift"; sourceTree = "<group>"; };
		38FE9DA926D3285700078BE0 /* MenuRow.swift */ = {isa = PBXFileReference; lastKnownFileType = sourcecode.swift; path = MenuRow.swift; sourceTree = "<group>"; };
		38FE9DAB26D328FF00078BE0 /* MenuRowViewModelTests.swift */ = {isa = PBXFileReference; lastKnownFileType = sourcecode.swift; path = MenuRowViewModelTests.swift; sourceTree = "<group>"; };
		38FE9DAE26D329B400078BE0 /* MenuRowViewModel.swift */ = {isa = PBXFileReference; lastKnownFileType = sourcecode.swift; path = MenuRowViewModel.swift; sourceTree = "<group>"; };
		38FE9DB426D3319A00078BE0 /* MenuListViewModelTests.swift */ = {isa = PBXFileReference; lastKnownFileType = sourcecode.swift; path = MenuListViewModelTests.swift; sourceTree = "<group>"; };
		38FE9DB626D332D200078BE0 /* MenuListViewModel.swift */ = {isa = PBXFileReference; lastKnownFileType = sourcecode.swift; path = MenuListViewModel.swift; sourceTree = "<group>"; };
		38FE9DB826D3355600078BE0 /* XCTestCase+MemoryLeaksTracking.swift */ = {isa = PBXFileReference; lastKnownFileType = sourcecode.swift; path = "XCTestCase+MemoryLeaksTracking.swift"; sourceTree = "<group>"; };
/* End PBXFileReference section */

/* Begin PBXFrameworksBuildPhase section */
		386D7D1126D5765B00005318 /* Frameworks */ = {
			isa = PBXFrameworksBuildPhase;
			buildActionMask = 2147483647;
			files = (
			);
			runOnlyForDeploymentPostprocessing = 0;
		};
		386D7D2A26D5772A00005318 /* Frameworks */ = {
			isa = PBXFrameworksBuildPhase;
			buildActionMask = 2147483647;
			files = (
			);
			runOnlyForDeploymentPostprocessing = 0;
		};
		38F135F326D3076800E1C41C /* Frameworks */ = {
			isa = PBXFrameworksBuildPhase;
			buildActionMask = 2147483647;
			files = (
				386D7D3326D5772A00005318 /* HippoAnalytics.framework in Frameworks */,
				386D7D1A26D5765B00005318 /* HippoPayments.framework in Frameworks */,
			);
			runOnlyForDeploymentPostprocessing = 0;
		};
		38F1360326D3076900E1C41C /* Frameworks */ = {
			isa = PBXFrameworksBuildPhase;
			buildActionMask = 2147483647;
			files = (
			);
			runOnlyForDeploymentPostprocessing = 0;
		};
		38F1360D26D3076900E1C41C /* Frameworks */ = {
			isa = PBXFrameworksBuildPhase;
			buildActionMask = 2147483647;
			files = (
			);
			runOnlyForDeploymentPostprocessing = 0;
		};
/* End PBXFrameworksBuildPhase section */

/* Begin PBXGroup section */
		381570F826D40B6400BCBB5A /* Helpers */ = {
			isa = PBXGroup;
			children = (
				381570F426D403E100BCBB5A /* MenuFetchingStub.swift */,
			);
			path = Helpers;
			sourceTree = "<group>";
		};
		381570F926D40B9300BCBB5A /* Menu Feature */ = {
			isa = PBXGroup;
			children = (
				38F1362326D308DF00E1C41C /* MenuItem.swift */,
				38F1362526D308F500E1C41C /* MenuSection.swift */,
				38D3A85B26D4164E009F4511 /* MenuFetching.swift */,
			);
			path = "Menu Feature";
			sourceTree = "<group>";
		};
		381570FC26D40D4B00BCBB5A /* Helpers */ = {
			isa = PBXGroup;
			children = (
				381570FD26D40D5600BCBB5A /* MenuItem+JSONFixture.swift */,
				38D3A85D26D41E23009F4511 /* NetworkFetchingStub.swift */,
			);
			path = Helpers;
			sourceTree = "<group>";
		};
		386D7D1526D5765B00005318 /* HippoPayments */ = {
			isa = PBXGroup;
			children = (
				386D7D1626D5765B00005318 /* HippoPayments.h */,
				386D7D2026D5766600005318 /* HippoPaymentsConfirmationViewController.swift */,
				386D7D2226D5767400005318 /* HippoPaymentsError.swift */,
				386D7D2426D5767E00005318 /* HippoPaymentsProcessor.swift */,
				386D7D2626D5769100005318 /* UIViewController+Presentation.swift */,
			);
			path = HippoPayments;
			sourceTree = "<group>";
		};
		386D7D2E26D5772A00005318 /* HippoAnalytics */ = {
			isa = PBXGroup;
			children = (
				386D7D2F26D5772A00005318 /* HippoAnalytics.h */,
				386D7D3826D5773200005318 /* HippoAnalyticsClient.swift */,
			);
			path = HippoAnalytics;
			sourceTree = "<group>";
		};
		386D7D3A26D57A3700005318 /* Payment Processing */ = {
			isa = PBXGroup;
			children = (
				386D7D3B26D57A4500005318 /* PaymentProcessing.swift */,
				386D7D3D26D57E3F00005318 /* HippoPaymentsProcessor+PaymentProcessing.swift */,
				386D7D3F26D5882500005318 /* PaymentProcessingProxy.swift */,
			);
			path = "Payment Processing";
			sourceTree = "<group>";
		};
		38D3A85F26D42378009F4511 /* Order Feature */ = {
			isa = PBXGroup;
			children = (
				38D3A86026D42382009F4511 /* Order.swift */,
			);
			path = "Order Feature";
			sourceTree = "<group>";
		};
		38D3A86226D42395009F4511 /* Order Domain */ = {
			isa = PBXGroup;
			children = (
				38D3A86326D4239D009F4511 /* OrderController.swift */,
			);
			path = "Order Domain";
			sourceTree = "<group>";
		};
		38D3A86526D423C6009F4511 /* Order Domain */ = {
			isa = PBXGroup;
			children = (
				38D3A86626D423DA009F4511 /* OrderControllerTests.swift */,
			);
			path = "Order Domain";
			sourceTree = "<group>";
		};
		38D3A86826D4240F009F4511 /* Order Feature */ = {
			isa = PBXGroup;
			children = (
				38D3A86926D42418009F4511 /* OrderTests.swift */,
			);
			path = "Order Feature";
			sourceTree = "<group>";
		};
		38D3A86B26D4280C009F4511 /* Menu Item Detail UI */ = {
			isa = PBXGroup;
			children = (
				38D3A86C26D42821009F4511 /* MenuItemDetail.swift */,
			);
			path = "Menu Item Detail UI";
			sourceTree = "<group>";
		};
		38D3A86E26D42840009F4511 /* Menu Item Detail Presentation */ = {
			isa = PBXGroup;
			children = (
				38D3A86F26D4284B009F4511 /* MenuItemDetailViewModel.swift */,
			);
			path = "Menu Item Detail Presentation";
			sourceTree = "<group>";
		};
		38D3A87126D4287F009F4511 /* Menu Item Detail Presentation */ = {
			isa = PBXGroup;
			children = (
				38D3A87226D4288C009F4511 /* MenuItemDetailViewModelTests.swift */,
			);
			path = "Menu Item Detail Presentation";
			sourceTree = "<group>";
		};
		38D3A87426D429CC009F4511 /* Order UI */ = {
			isa = PBXGroup;
			children = (
				38D3A87526D429D6009F4511 /* OrderButton.swift */,
			);
			path = "Order UI";
			sourceTree = "<group>";
		};
		38D3A87726D429F9009F4511 /* Order Presentation */ = {
			isa = PBXGroup;
			children = (
				38D3A87826D42A06009F4511 /* OrderButtonViewModel.swift */,
			);
			path = "Order Presentation";
			sourceTree = "<group>";
		};
		38D3A87A26D42A43009F4511 /* Order Presentation */ = {
			isa = PBXGroup;
			children = (
				38D3A87B26D42A54009F4511 /* OrderButtonViewModelTests.swift */,
			);
			path = "Order Presentation";
			sourceTree = "<group>";
		};
		38D3A87D26D42A6B009F4511 /* Order Detail Presentation */ = {
			isa = PBXGroup;
			children = (
				38D3A87E26D42A7C009F4511 /* OrderDetailViewModelTests.swift */,
			);
			path = "Order Detail Presentation";
			sourceTree = "<group>";
		};
		38D3A88026D42AA2009F4511 /* Order Detail UI */ = {
			isa = PBXGroup;
			children = (
				38D3A88426D42B23009F4511 /* OrderDetail.swift */,
			);
			path = "Order Detail UI";
			sourceTree = "<group>";
		};
		38D3A88126D42AAD009F4511 /* Order Detail Presentation */ = {
			isa = PBXGroup;
			children = (
				38D3A88226D42ABE009F4511 /* OrderDetailViewModel.swift */,
			);
			path = "Order Detail Presentation";
			sourceTree = "<group>";
		};
		38D3A88626D42B50009F4511 /* Application */ = {
			isa = PBXGroup;
			children = (
				38F135F926D3076800E1C41C /* AlbertosApp.swift */,
				38D3A88726D42B58009F4511 /* Color.swift */,
			);
			path = Application;
			sourceTree = "<group>";
		};
		38F135ED26D3076800E1C41C = {
			isa = PBXGroup;
			children = (
				38F135F826D3076800E1C41C /* Albertos */,
				38F1360926D3076900E1C41C /* AlbertosTests */,
				38F1361326D3076900E1C41C /* AlbertosUITests */,
				386D7D1526D5765B00005318 /* HippoPayments */,
				386D7D2E26D5772A00005318 /* HippoAnalytics */,
				38F135F726D3076800E1C41C /* Products */,
			);
			sourceTree = "<group>";
		};
		38F135F726D3076800E1C41C /* Products */ = {
			isa = PBXGroup;
			children = (
				38F135F626D3076800E1C41C /* Albertos.app */,
				38F1360626D3076900E1C41C /* AlbertosTests.xctest */,
				38F1361026D3076900E1C41C /* AlbertosUITests.xctest */,
				386D7D1426D5765B00005318 /* HippoPayments.framework */,
				386D7D2D26D5772A00005318 /* HippoAnalytics.framework */,
			);
			name = Products;
			sourceTree = "<group>";
		};
		38F135F826D3076800E1C41C /* Albertos */ = {
			isa = PBXGroup;
			children = (
				38F135FD26D3076900E1C41C /* Assets.xcassets */,
				38D3A88626D42B50009F4511 /* Application */,
				38FE9DB126D32B6700078BE0 /* Menu Domain */,
				381570F926D40B9300BCBB5A /* Menu Feature */,
				38D3A86E26D42840009F4511 /* Menu Item Detail Presentation */,
				38D3A86B26D4280C009F4511 /* Menu Item Detail UI */,
				38FE9DAD26D329A400078BE0 /* Menu Presentation */,
				38FE9DB026D32B2100078BE0 /* Menu UI */,
				38D3A88126D42AAD009F4511 /* Order Detail Presentation */,
				38D3A88026D42AA2009F4511 /* Order Detail UI */,
				38D3A86226D42395009F4511 /* Order Domain */,
				38D3A85F26D42378009F4511 /* Order Feature */,
				38D3A87726D429F9009F4511 /* Order Presentation */,
				38D3A87426D429CC009F4511 /* Order UI */,
				386D7D3A26D57A3700005318 /* Payment Processing */,
				38F135FF26D3076900E1C41C /* Preview Content */,
			);
			path = Albertos;
			sourceTree = "<group>";
		};
		38F135FF26D3076900E1C41C /* Preview Content */ = {
			isa = PBXGroup;
			children = (
				38F1360026D3076900E1C41C /* Preview Assets.xcassets */,
			);
			path = "Preview Content";
			sourceTree = "<group>";
		};
		38F1360926D3076900E1C41C /* AlbertosTests */ = {
			isa = PBXGroup;
			children = (
				38FE9DA226D31CC100078BE0 /* Helpers */,
				38FE9DB326D3315600078BE0 /* Menu Domain */,
				38FE9DB226D3314000078BE0 /* Menu Presentation */,
				38D3A87126D4287F009F4511 /* Menu Item Detail Presentation */,
				38D3A86826D4240F009F4511 /* Order Feature */,
				38D3A86526D423C6009F4511 /* Order Domain */,
				38D3A87A26D42A43009F4511 /* Order Presentation */,
				38D3A87D26D42A6B009F4511 /* Order Detail Presentation */,
			);
			path = AlbertosTests;
			sourceTree = "<group>";
		};
		38F1361326D3076900E1C41C /* AlbertosUITests */ = {
			isa = PBXGroup;
			children = (
				38F1361426D3076900E1C41C /* AlbertosUITests.swift */,
			);
			path = AlbertosUITests;
			sourceTree = "<group>";
		};
		38FE9DA226D31CC100078BE0 /* Helpers */ = {
			isa = PBXGroup;
			children = (
				38FE9DA326D31CCD00078BE0 /* MenuItem+Fixture.swift */,
				38FE9DA526D31EB700078BE0 /* MenuSection+Fixture.swift */,
				38FE9DB826D3355600078BE0 /* XCTestCase+MemoryLeaksTracking.swift */,
				381570F626D407B900BCBB5A /* TestError.swift */,
			);
			path = Helpers;
			sourceTree = "<group>";
		};
		38FE9DAD26D329A400078BE0 /* Menu Presentation */ = {
			isa = PBXGroup;
			children = (
				38FE9DAE26D329B400078BE0 /* MenuRowViewModel.swift */,
				38FE9DB626D332D200078BE0 /* MenuListViewModel.swift */,
			);
			path = "Menu Presentation";
			sourceTree = "<group>";
		};
		38FE9DB026D32B2100078BE0 /* Menu UI */ = {
			isa = PBXGroup;
			children = (
				38FE9DA026D31A4E00078BE0 /* MenuList.swift */,
				38FE9DA926D3285700078BE0 /* MenuRow.swift */,
			);
			path = "Menu UI";
			sourceTree = "<group>";
		};
		38FE9DB126D32B6700078BE0 /* Menu Domain */ = {
			isa = PBXGroup;
			children = (
				38F1362726D3092F00E1C41C /* MenuGrouping.swift */,
				38D3A85926D41637009F4511 /* MenuFetcher.swift */,
			);
			path = "Menu Domain";
			sourceTree = "<group>";
		};
		38FE9DB226D3314000078BE0 /* Menu Presentation */ = {
			isa = PBXGroup;
			children = (
				381570F826D40B6400BCBB5A /* Helpers */,
				38FE9DB426D3319A00078BE0 /* MenuListViewModelTests.swift */,
				38FE9DAB26D328FF00078BE0 /* MenuRowViewModelTests.swift */,
			);
			path = "Menu Presentation";
			sourceTree = "<group>";
		};
		38FE9DB326D3315600078BE0 /* Menu Domain */ = {
			isa = PBXGroup;
			children = (
				381570FC26D40D4B00BCBB5A /* Helpers */,
				38F1362126D307AB00E1C41C /* MenuGroupingTests.swift */,
				381570FA26D40C1000BCBB5A /* MenuItemsTests.swift */,
				38D3A85726D415A9009F4511 /* MenuFetcherTests.swift */,
			);
			path = "Menu Domain";
			sourceTree = "<group>";
		};
/* End PBXGroup section */

/* Begin PBXHeadersBuildPhase section */
		386D7D0F26D5765B00005318 /* Headers */ = {
			isa = PBXHeadersBuildPhase;
			buildActionMask = 2147483647;
			files = (
				386D7D1726D5765B00005318 /* HippoPayments.h in Headers */,
			);
			runOnlyForDeploymentPostprocessing = 0;
		};
		386D7D2826D5772A00005318 /* Headers */ = {
			isa = PBXHeadersBuildPhase;
			buildActionMask = 2147483647;
			files = (
				386D7D3026D5772A00005318 /* HippoAnalytics.h in Headers */,
			);
			runOnlyForDeploymentPostprocessing = 0;
		};
/* End PBXHeadersBuildPhase section */

/* Begin PBXNativeTarget section */
		386D7D1326D5765B00005318 /* HippoPayments */ = {
			isa = PBXNativeTarget;
			buildConfigurationList = 386D7D1F26D5765B00005318 /* Build configuration list for PBXNativeTarget "HippoPayments" */;
			buildPhases = (
				386D7D0F26D5765B00005318 /* Headers */,
				386D7D1026D5765B00005318 /* Sources */,
				386D7D1126D5765B00005318 /* Frameworks */,
				386D7D1226D5765B00005318 /* Resources */,
			);
			buildRules = (
			);
			dependencies = (
			);
			name = HippoPayments;
			productName = HippoPayments;
			productReference = 386D7D1426D5765B00005318 /* HippoPayments.framework */;
			productType = "com.apple.product-type.framework";
		};
		386D7D2C26D5772A00005318 /* HippoAnalytics */ = {
			isa = PBXNativeTarget;
			buildConfigurationList = 386D7D3526D5772A00005318 /* Build configuration list for PBXNativeTarget "HippoAnalytics" */;
			buildPhases = (
				386D7D2826D5772A00005318 /* Headers */,
				386D7D2926D5772A00005318 /* Sources */,
				386D7D2A26D5772A00005318 /* Frameworks */,
				386D7D2B26D5772A00005318 /* Resources */,
			);
			buildRules = (
			);
			dependencies = (
			);
			name = HippoAnalytics;
			productName = HippoAnalytics;
			productReference = 386D7D2D26D5772A00005318 /* HippoAnalytics.framework */;
			productType = "com.apple.product-type.framework";
		};
		38F135F526D3076800E1C41C /* Albertos */ = {
			isa = PBXNativeTarget;
			buildConfigurationList = 38F1361826D3076900E1C41C /* Build configuration list for PBXNativeTarget "Albertos" */;
			buildPhases = (
				38F135F226D3076800E1C41C /* Sources */,
				38F135F326D3076800E1C41C /* Frameworks */,
				38F135F426D3076800E1C41C /* Resources */,
				386D7D1C26D5765B00005318 /* Embed Frameworks */,
			);
			buildRules = (
			);
			dependencies = (
				386D7D1926D5765B00005318 /* PBXTargetDependency */,
				386D7D3226D5772A00005318 /* PBXTargetDependency */,
			);
			name = Albertos;
			productName = Albertos;
			productReference = 38F135F626D3076800E1C41C /* Albertos.app */;
			productType = "com.apple.product-type.application";
		};
		38F1360526D3076900E1C41C /* AlbertosTests */ = {
			isa = PBXNativeTarget;
			buildConfigurationList = 38F1361B26D3076900E1C41C /* Build configuration list for PBXNativeTarget "AlbertosTests" */;
			buildPhases = (
				38F1360226D3076900E1C41C /* Sources */,
				38F1360326D3076900E1C41C /* Frameworks */,
				38F1360426D3076900E1C41C /* Resources */,
			);
			buildRules = (
			);
			dependencies = (
				38F1360826D3076900E1C41C /* PBXTargetDependency */,
			);
			name = AlbertosTests;
			productName = AlbertosTests;
			productReference = 38F1360626D3076900E1C41C /* AlbertosTests.xctest */;
			productType = "com.apple.product-type.bundle.unit-test";
		};
		38F1360F26D3076900E1C41C /* AlbertosUITests */ = {
			isa = PBXNativeTarget;
			buildConfigurationList = 38F1361E26D3076900E1C41C /* Build configuration list for PBXNativeTarget "AlbertosUITests" */;
			buildPhases = (
				38F1360C26D3076900E1C41C /* Sources */,
				38F1360D26D3076900E1C41C /* Frameworks */,
				38F1360E26D3076900E1C41C /* Resources */,
			);
			buildRules = (
			);
			dependencies = (
				38F1361226D3076900E1C41C /* PBXTargetDependency */,
			);
			name = AlbertosUITests;
			productName = AlbertosUITests;
			productReference = 38F1361026D3076900E1C41C /* AlbertosUITests.xctest */;
			productType = "com.apple.product-type.bundle.ui-testing";
		};
/* End PBXNativeTarget section */

/* Begin PBXProject section */
		38F135EE26D3076800E1C41C /* Project object */ = {
			isa = PBXProject;
			attributes = {
				BuildIndependentTargetsInParallel = 1;
				LastSwiftUpdateCheck = 1300;
				LastUpgradeCheck = 1300;
				ORGANIZATIONNAME = "Kraken Vault";
				TargetAttributes = {
					386D7D1326D5765B00005318 = {
						CreatedOnToolsVersion = 13.0;
						LastSwiftMigration = 1300;
					};
					386D7D2C26D5772A00005318 = {
						CreatedOnToolsVersion = 13.0;
						LastSwiftMigration = 1300;
					};
					38F135F526D3076800E1C41C = {
						CreatedOnToolsVersion = 13.0;
					};
					38F1360526D3076900E1C41C = {
						CreatedOnToolsVersion = 13.0;
						LastSwiftMigration = 1300;
						TestTargetID = 38F135F526D3076800E1C41C;
					};
					38F1360F26D3076900E1C41C = {
						CreatedOnToolsVersion = 13.0;
						TestTargetID = 38F135F526D3076800E1C41C;
					};
				};
			};
			buildConfigurationList = 38F135F126D3076800E1C41C /* Build configuration list for PBXProject "Albertos" */;
			compatibilityVersion = "Xcode 12.0";
			developmentRegion = en;
			hasScannedForEncodings = 0;
			knownRegions = (
				en,
				Base,
			);
			mainGroup = 38F135ED26D3076800E1C41C;
			productRefGroup = 38F135F726D3076800E1C41C /* Products */;
			projectDirPath = "";
			projectRoot = "";
			targets = (
				38F135F526D3076800E1C41C /* Albertos */,
				38F1360526D3076900E1C41C /* AlbertosTests */,
				38F1360F26D3076900E1C41C /* AlbertosUITests */,
				386D7D1326D5765B00005318 /* HippoPayments */,
				386D7D2C26D5772A00005318 /* HippoAnalytics */,
			);
		};
/* End PBXProject section */

/* Begin PBXResourcesBuildPhase section */
		386D7D1226D5765B00005318 /* Resources */ = {
			isa = PBXResourcesBuildPhase;
			buildActionMask = 2147483647;
			files = (
			);
			runOnlyForDeploymentPostprocessing = 0;
		};
		386D7D2B26D5772A00005318 /* Resources */ = {
			isa = PBXResourcesBuildPhase;
			buildActionMask = 2147483647;
			files = (
			);
			runOnlyForDeploymentPostprocessing = 0;
		};
		38F135F426D3076800E1C41C /* Resources */ = {
			isa = PBXResourcesBuildPhase;
			buildActionMask = 2147483647;
			files = (
				38F1360126D3076900E1C41C /* Preview Assets.xcassets in Resources */,
				38F135FE26D3076900E1C41C /* Assets.xcassets in Resources */,
			);
			runOnlyForDeploymentPostprocessing = 0;
		};
		38F1360426D3076900E1C41C /* Resources */ = {
			isa = PBXResourcesBuildPhase;
			buildActionMask = 2147483647;
			files = (
			);
			runOnlyForDeploymentPostprocessing = 0;
		};
		38F1360E26D3076900E1C41C /* Resources */ = {
			isa = PBXResourcesBuildPhase;
			buildActionMask = 2147483647;
			files = (
			);
			runOnlyForDeploymentPostprocessing = 0;
		};
/* End PBXResourcesBuildPhase section */

/* Begin PBXSourcesBuildPhase section */
		386D7D1026D5765B00005318 /* Sources */ = {
			isa = PBXSourcesBuildPhase;
			buildActionMask = 2147483647;
			files = (
				386D7D2526D5767E00005318 /* HippoPaymentsProcessor.swift in Sources */,
				386D7D2326D5767400005318 /* HippoPaymentsError.swift in Sources */,
				386D7D2726D5769100005318 /* UIViewController+Presentation.swift in Sources */,
				386D7D2126D5766600005318 /* HippoPaymentsConfirmationViewController.swift in Sources */,
			);
			runOnlyForDeploymentPostprocessing = 0;
		};
		386D7D2926D5772A00005318 /* Sources */ = {
			isa = PBXSourcesBuildPhase;
			buildActionMask = 2147483647;
			files = (
				386D7D3926D5773200005318 /* HippoAnalyticsClient.swift in Sources */,
			);
			runOnlyForDeploymentPostprocessing = 0;
		};
		38F135F226D3076800E1C41C /* Sources */ = {
			isa = PBXSourcesBuildPhase;
			buildActionMask = 2147483647;
			files = (
				38D3A86426D4239D009F4511 /* OrderController.swift in Sources */,
				386D7D3C26D57A4500005318 /* PaymentProcessing.swift in Sources */,
				38D3A85A26D41637009F4511 /* MenuFetcher.swift in Sources */,
				38F1362826D3092F00E1C41C /* MenuGrouping.swift in Sources */,
				386D7D4026D5882500005318 /* PaymentProcessingProxy.swift in Sources */,
				38D3A85C26D4164E009F4511 /* MenuFetching.swift in Sources */,
				38F1362426D308DF00E1C41C /* MenuItem.swift in Sources */,
				38D3A86126D42382009F4511 /* Order.swift in Sources */,
				38F1362626D308F500E1C41C /* MenuSection.swift in Sources */,
				38FE9DA126D31A4E00078BE0 /* MenuList.swift in Sources */,
				38FE9DAF26D329B400078BE0 /* MenuRowViewModel.swift in Sources */,
				38D3A87926D42A06009F4511 /* OrderButtonViewModel.swift in Sources */,
				38F135FA26D3076800E1C41C /* AlbertosApp.swift in Sources */,
				38D3A88826D42B58009F4511 /* Color.swift in Sources */,
				38D3A86D26D42821009F4511 /* MenuItemDetail.swift in Sources */,
				386D7D3E26D57E3F00005318 /* HippoPaymentsProcessor+PaymentProcessing.swift in Sources */,
				38FE9DAA26D3285700078BE0 /* MenuRow.swift in Sources */,
				38D3A88326D42ABE009F4511 /* OrderDetailViewModel.swift in Sources */,
				38FE9DB726D332D200078BE0 /* MenuListViewModel.swift in Sources */,
				38D3A88526D42B23009F4511 /* OrderDetail.swift in Sources */,
				38D3A87626D429D6009F4511 /* OrderButton.swift in Sources */,
				38D3A87026D4284C009F4511 /* MenuItemDetailViewModel.swift in Sources */,
			);
			runOnlyForDeploymentPostprocessing = 0;
		};
		38F1360226D3076900E1C41C /* Sources */ = {
			isa = PBXSourcesBuildPhase;
			buildActionMask = 2147483647;
			files = (
				38D3A86A26D42418009F4511 /* OrderTests.swift in Sources */,
				38D3A87C26D42A54009F4511 /* OrderButtonViewModelTests.swift in Sources */,
				38F1362226D307AB00E1C41C /* MenuGroupingTests.swift in Sources */,
				381570FE26D40D5600BCBB5A /* MenuItem+JSONFixture.swift in Sources */,
				381570FB26D40C1000BCBB5A /* MenuItemsTests.swift in Sources */,
				38D3A87F26D42A7C009F4511 /* OrderDetailViewModelTests.swift in Sources */,
				38FE9DB926D3355600078BE0 /* XCTestCase+MemoryLeaksTracking.swift in Sources */,
				38D3A86726D423DA009F4511 /* OrderControllerTests.swift in Sources */,
				38D3A85E26D41E23009F4511 /* NetworkFetchingStub.swift in Sources */,
				38FE9DA626D31EB700078BE0 /* MenuSection+Fixture.swift in Sources */,
				38FE9DAC26D328FF00078BE0 /* MenuRowViewModelTests.swift in Sources */,
				38D3A85826D415A9009F4511 /* MenuFetcherTests.swift in Sources */,
				381570F726D407B900BCBB5A /* TestError.swift in Sources */,
				38FE9DA426D31CCD00078BE0 /* MenuItem+Fixture.swift in Sources */,
				38D3A87326D4288C009F4511 /* MenuItemDetailViewModelTests.swift in Sources */,
				38FE9DB526D3319A00078BE0 /* MenuListViewModelTests.swift in Sources */,
				381570F526D403E100BCBB5A /* MenuFetchingStub.swift in Sources */,
			);
			runOnlyForDeploymentPostprocessing = 0;
		};
		38F1360C26D3076900E1C41C /* Sources */ = {
			isa = PBXSourcesBuildPhase;
			buildActionMask = 2147483647;
			files = (
				38F1361526D3076900E1C41C /* AlbertosUITests.swift in Sources */,
			);
			runOnlyForDeploymentPostprocessing = 0;
		};
/* End PBXSourcesBuildPhase section */

/* Begin PBXTargetDependency section */
		386D7D1926D5765B00005318 /* PBXTargetDependency */ = {
			isa = PBXTargetDependency;
			target = 386D7D1326D5765B00005318 /* HippoPayments */;
			targetProxy = 386D7D1826D5765B00005318 /* PBXContainerItemProxy */;
		};
		386D7D3226D5772A00005318 /* PBXTargetDependency */ = {
			isa = PBXTargetDependency;
			target = 386D7D2C26D5772A00005318 /* HippoAnalytics */;
			targetProxy = 386D7D3126D5772A00005318 /* PBXContainerItemProxy */;
		};
		38F1360826D3076900E1C41C /* PBXTargetDependency */ = {
			isa = PBXTargetDependency;
			target = 38F135F526D3076800E1C41C /* Albertos */;
			targetProxy = 38F1360726D3076900E1C41C /* PBXContainerItemProxy */;
		};
		38F1361226D3076900E1C41C /* PBXTargetDependency */ = {
			isa = PBXTargetDependency;
			target = 38F135F526D3076800E1C41C /* Albertos */;
			targetProxy = 38F1361126D3076900E1C41C /* PBXContainerItemProxy */;
		};
/* End PBXTargetDependency section */

/* Begin XCBuildConfiguration section */
		386D7D1D26D5765B00005318 /* Debug */ = {
			isa = XCBuildConfiguration;
			buildSettings = {
				CLANG_ENABLE_MODULES = YES;
				CODE_SIGN_STYLE = Automatic;
				CURRENT_PROJECT_VERSION = 1;
				DEFINES_MODULE = YES;
				DEVELOPMENT_TEAM = HS399QXLRD;
				DYLIB_COMPATIBILITY_VERSION = 1;
				DYLIB_CURRENT_VERSION = 1;
				DYLIB_INSTALL_NAME_BASE = "@rpath";
				GENERATE_INFOPLIST_FILE = YES;
				INFOPLIST_KEY_NSHumanReadableCopyright = "Copyright © 2021 Kraken Vault. All rights reserved.";
				INSTALL_PATH = "$(LOCAL_LIBRARY_DIR)/Frameworks";
				IPHONEOS_DEPLOYMENT_TARGET = 14.0;
				LD_RUNPATH_SEARCH_PATHS = (
					"$(inherited)",
					"@executable_path/Frameworks",
					"@loader_path/Frameworks",
				);
				MARKETING_VERSION = 1.0;
				PRODUCT_BUNDLE_IDENTIFIER = com.alfredohdz.tdd.HippoPayments;
				PRODUCT_NAME = "$(TARGET_NAME:c99extidentifier)";
				SKIP_INSTALL = YES;
				SWIFT_EMIT_LOC_STRINGS = YES;
				SWIFT_OPTIMIZATION_LEVEL = "-Onone";
				SWIFT_VERSION = 5.0;
				TARGETED_DEVICE_FAMILY = "1,2";
				VERSIONING_SYSTEM = "apple-generic";
				VERSION_INFO_PREFIX = "";
			};
			name = Debug;
		};
		386D7D1E26D5765B00005318 /* Release */ = {
			isa = XCBuildConfiguration;
			buildSettings = {
				CLANG_ENABLE_MODULES = YES;
				CODE_SIGN_STYLE = Automatic;
				CURRENT_PROJECT_VERSION = 1;
				DEFINES_MODULE = YES;
				DEVELOPMENT_TEAM = HS399QXLRD;
				DYLIB_COMPATIBILITY_VERSION = 1;
				DYLIB_CURRENT_VERSION = 1;
				DYLIB_INSTALL_NAME_BASE = "@rpath";
				GENERATE_INFOPLIST_FILE = YES;
				INFOPLIST_KEY_NSHumanReadableCopyright = "Copyright © 2021 Kraken Vault. All rights reserved.";
				INSTALL_PATH = "$(LOCAL_LIBRARY_DIR)/Frameworks";
				IPHONEOS_DEPLOYMENT_TARGET = 14.0;
				LD_RUNPATH_SEARCH_PATHS = (
					"$(inherited)",
					"@executable_path/Frameworks",
					"@loader_path/Frameworks",
				);
				MARKETING_VERSION = 1.0;
				PRODUCT_BUNDLE_IDENTIFIER = com.alfredohdz.tdd.HippoPayments;
				PRODUCT_NAME = "$(TARGET_NAME:c99extidentifier)";
				SKIP_INSTALL = YES;
				SWIFT_EMIT_LOC_STRINGS = YES;
				SWIFT_VERSION = 5.0;
				TARGETED_DEVICE_FAMILY = "1,2";
				VERSIONING_SYSTEM = "apple-generic";
				VERSION_INFO_PREFIX = "";
			};
			name = Release;
		};
		386D7D3626D5772A00005318 /* Debug */ = {
			isa = XCBuildConfiguration;
			buildSettings = {
				CLANG_ENABLE_MODULES = YES;
				CODE_SIGN_STYLE = Automatic;
				CURRENT_PROJECT_VERSION = 1;
				DEFINES_MODULE = YES;
				DEVELOPMENT_TEAM = HS399QXLRD;
				DYLIB_COMPATIBILITY_VERSION = 1;
				DYLIB_CURRENT_VERSION = 1;
				DYLIB_INSTALL_NAME_BASE = "@rpath";
				GENERATE_INFOPLIST_FILE = YES;
				INFOPLIST_KEY_NSHumanReadableCopyright = "Copyright © 2021 Kraken Vault. All rights reserved.";
				INSTALL_PATH = "$(LOCAL_LIBRARY_DIR)/Frameworks";
				IPHONEOS_DEPLOYMENT_TARGET = 14.0;
				LD_RUNPATH_SEARCH_PATHS = (
					"$(inherited)",
					"@executable_path/Frameworks",
					"@loader_path/Frameworks",
				);
				MARKETING_VERSION = 1.0;
				PRODUCT_BUNDLE_IDENTIFIER = com.alfredohdz.tdd.HippoAnalytics;
				PRODUCT_NAME = "$(TARGET_NAME:c99extidentifier)";
				SKIP_INSTALL = YES;
				SWIFT_EMIT_LOC_STRINGS = YES;
				SWIFT_OPTIMIZATION_LEVEL = "-Onone";
				SWIFT_VERSION = 5.0;
				TARGETED_DEVICE_FAMILY = "1,2";
				VERSIONING_SYSTEM = "apple-generic";
				VERSION_INFO_PREFIX = "";
			};
			name = Debug;
		};
		386D7D3726D5772A00005318 /* Release */ = {
			isa = XCBuildConfiguration;
			buildSettings = {
				CLANG_ENABLE_MODULES = YES;
				CODE_SIGN_STYLE = Automatic;
				CURRENT_PROJECT_VERSION = 1;
				DEFINES_MODULE = YES;
				DEVELOPMENT_TEAM = HS399QXLRD;
				DYLIB_COMPATIBILITY_VERSION = 1;
				DYLIB_CURRENT_VERSION = 1;
				DYLIB_INSTALL_NAME_BASE = "@rpath";
				GENERATE_INFOPLIST_FILE = YES;
				INFOPLIST_KEY_NSHumanReadableCopyright = "Copyright © 2021 Kraken Vault. All rights reserved.";
				INSTALL_PATH = "$(LOCAL_LIBRARY_DIR)/Frameworks";
				IPHONEOS_DEPLOYMENT_TARGET = 14.0;
				LD_RUNPATH_SEARCH_PATHS = (
					"$(inherited)",
					"@executable_path/Frameworks",
					"@loader_path/Frameworks",
				);
				MARKETING_VERSION = 1.0;
				PRODUCT_BUNDLE_IDENTIFIER = com.alfredohdz.tdd.HippoAnalytics;
				PRODUCT_NAME = "$(TARGET_NAME:c99extidentifier)";
				SKIP_INSTALL = YES;
				SWIFT_EMIT_LOC_STRINGS = YES;
				SWIFT_VERSION = 5.0;
				TARGETED_DEVICE_FAMILY = "1,2";
				VERSIONING_SYSTEM = "apple-generic";
				VERSION_INFO_PREFIX = "";
			};
			name = Release;
		};
		38F1361626D3076900E1C41C /* Debug */ = {
			isa = XCBuildConfiguration;
			buildSettings = {
				ALWAYS_SEARCH_USER_PATHS = NO;
				CLANG_ANALYZER_NONNULL = YES;
				CLANG_ANALYZER_NUMBER_OBJECT_CONVERSION = YES_AGGRESSIVE;
				CLANG_CXX_LANGUAGE_STANDARD = "gnu++17";
				CLANG_CXX_LIBRARY = "libc++";
				CLANG_ENABLE_MODULES = YES;
				CLANG_ENABLE_OBJC_ARC = YES;
				CLANG_ENABLE_OBJC_WEAK = YES;
				CLANG_WARN_BLOCK_CAPTURE_AUTORELEASING = YES;
				CLANG_WARN_BOOL_CONVERSION = YES;
				CLANG_WARN_COMMA = YES;
				CLANG_WARN_CONSTANT_CONVERSION = YES;
				CLANG_WARN_DEPRECATED_OBJC_IMPLEMENTATIONS = YES;
				CLANG_WARN_DIRECT_OBJC_ISA_USAGE = YES_ERROR;
				CLANG_WARN_DOCUMENTATION_COMMENTS = YES;
				CLANG_WARN_EMPTY_BODY = YES;
				CLANG_WARN_ENUM_CONVERSION = YES;
				CLANG_WARN_INFINITE_RECURSION = YES;
				CLANG_WARN_INT_CONVERSION = YES;
				CLANG_WARN_NON_LITERAL_NULL_CONVERSION = YES;
				CLANG_WARN_OBJC_IMPLICIT_RETAIN_SELF = YES;
				CLANG_WARN_OBJC_LITERAL_CONVERSION = YES;
				CLANG_WARN_OBJC_ROOT_CLASS = YES_ERROR;
				CLANG_WARN_QUOTED_INCLUDE_IN_FRAMEWORK_HEADER = YES;
				CLANG_WARN_RANGE_LOOP_ANALYSIS = YES;
				CLANG_WARN_STRICT_PROTOTYPES = YES;
				CLANG_WARN_SUSPICIOUS_MOVE = YES;
				CLANG_WARN_UNGUARDED_AVAILABILITY = YES_AGGRESSIVE;
				CLANG_WARN_UNREACHABLE_CODE = YES;
				CLANG_WARN__DUPLICATE_METHOD_MATCH = YES;
				COPY_PHASE_STRIP = NO;
				DEBUG_INFORMATION_FORMAT = dwarf;
				ENABLE_STRICT_OBJC_MSGSEND = YES;
				ENABLE_TESTABILITY = YES;
				GCC_C_LANGUAGE_STANDARD = gnu11;
				GCC_DYNAMIC_NO_PIC = NO;
				GCC_NO_COMMON_BLOCKS = YES;
				GCC_OPTIMIZATION_LEVEL = 0;
				GCC_PREPROCESSOR_DEFINITIONS = (
					"DEBUG=1",
					"$(inherited)",
				);
				GCC_WARN_64_TO_32_BIT_CONVERSION = YES;
				GCC_WARN_ABOUT_RETURN_TYPE = YES_ERROR;
				GCC_WARN_UNDECLARED_SELECTOR = YES;
				GCC_WARN_UNINITIALIZED_AUTOS = YES_AGGRESSIVE;
				GCC_WARN_UNUSED_FUNCTION = YES;
				GCC_WARN_UNUSED_VARIABLE = YES;
				IPHONEOS_DEPLOYMENT_TARGET = 15.0;
				MTL_ENABLE_DEBUG_INFO = INCLUDE_SOURCE;
				MTL_FAST_MATH = YES;
				ONLY_ACTIVE_ARCH = YES;
				SDKROOT = iphoneos;
				SWIFT_ACTIVE_COMPILATION_CONDITIONS = DEBUG;
				SWIFT_OPTIMIZATION_LEVEL = "-Onone";
			};
			name = Debug;
		};
		38F1361726D3076900E1C41C /* Release */ = {
			isa = XCBuildConfiguration;
			buildSettings = {
				ALWAYS_SEARCH_USER_PATHS = NO;
				CLANG_ANALYZER_NONNULL = YES;
				CLANG_ANALYZER_NUMBER_OBJECT_CONVERSION = YES_AGGRESSIVE;
				CLANG_CXX_LANGUAGE_STANDARD = "gnu++17";
				CLANG_CXX_LIBRARY = "libc++";
				CLANG_ENABLE_MODULES = YES;
				CLANG_ENABLE_OBJC_ARC = YES;
				CLANG_ENABLE_OBJC_WEAK = YES;
				CLANG_WARN_BLOCK_CAPTURE_AUTORELEASING = YES;
				CLANG_WARN_BOOL_CONVERSION = YES;
				CLANG_WARN_COMMA = YES;
				CLANG_WARN_CONSTANT_CONVERSION = YES;
				CLANG_WARN_DEPRECATED_OBJC_IMPLEMENTATIONS = YES;
				CLANG_WARN_DIRECT_OBJC_ISA_USAGE = YES_ERROR;
				CLANG_WARN_DOCUMENTATION_COMMENTS = YES;
				CLANG_WARN_EMPTY_BODY = YES;
				CLANG_WARN_ENUM_CONVERSION = YES;
				CLANG_WARN_INFINITE_RECURSION = YES;
				CLANG_WARN_INT_CONVERSION = YES;
				CLANG_WARN_NON_LITERAL_NULL_CONVERSION = YES;
				CLANG_WARN_OBJC_IMPLICIT_RETAIN_SELF = YES;
				CLANG_WARN_OBJC_LITERAL_CONVERSION = YES;
				CLANG_WARN_OBJC_ROOT_CLASS = YES_ERROR;
				CLANG_WARN_QUOTED_INCLUDE_IN_FRAMEWORK_HEADER = YES;
				CLANG_WARN_RANGE_LOOP_ANALYSIS = YES;
				CLANG_WARN_STRICT_PROTOTYPES = YES;
				CLANG_WARN_SUSPICIOUS_MOVE = YES;
				CLANG_WARN_UNGUARDED_AVAILABILITY = YES_AGGRESSIVE;
				CLANG_WARN_UNREACHABLE_CODE = YES;
				CLANG_WARN__DUPLICATE_METHOD_MATCH = YES;
				COPY_PHASE_STRIP = NO;
				DEBUG_INFORMATION_FORMAT = "dwarf-with-dsym";
				ENABLE_NS_ASSERTIONS = NO;
				ENABLE_STRICT_OBJC_MSGSEND = YES;
				GCC_C_LANGUAGE_STANDARD = gnu11;
				GCC_NO_COMMON_BLOCKS = YES;
				GCC_WARN_64_TO_32_BIT_CONVERSION = YES;
				GCC_WARN_ABOUT_RETURN_TYPE = YES_ERROR;
				GCC_WARN_UNDECLARED_SELECTOR = YES;
				GCC_WARN_UNINITIALIZED_AUTOS = YES_AGGRESSIVE;
				GCC_WARN_UNUSED_FUNCTION = YES;
				GCC_WARN_UNUSED_VARIABLE = YES;
				IPHONEOS_DEPLOYMENT_TARGET = 15.0;
				MTL_ENABLE_DEBUG_INFO = NO;
				MTL_FAST_MATH = YES;
				SDKROOT = iphoneos;
				SWIFT_COMPILATION_MODE = wholemodule;
				SWIFT_OPTIMIZATION_LEVEL = "-O";
				VALIDATE_PRODUCT = YES;
			};
			name = Release;
		};
		38F1361926D3076900E1C41C /* Debug */ = {
			isa = XCBuildConfiguration;
			buildSettings = {
				ALWAYS_EMBED_SWIFT_STANDARD_LIBRARIES = YES;
				ASSETCATALOG_COMPILER_APPICON_NAME = AppIcon;
				ASSETCATALOG_COMPILER_GLOBAL_ACCENT_COLOR_NAME = AccentColor;
				CODE_SIGN_STYLE = Automatic;
				CURRENT_PROJECT_VERSION = 1;
				DEVELOPMENT_ASSET_PATHS = "\"Albertos/Preview Content\"";
				DEVELOPMENT_TEAM = HS399QXLRD;
				ENABLE_PREVIEWS = YES;
				GENERATE_INFOPLIST_FILE = YES;
				INFOPLIST_KEY_UIApplicationSceneManifest_Generation = YES;
				INFOPLIST_KEY_UIApplicationSupportsIndirectInputEvents = YES;
				INFOPLIST_KEY_UILaunchScreen_Generation = YES;
				INFOPLIST_KEY_UISupportedInterfaceOrientations_iPad = "UIInterfaceOrientationPortrait UIInterfaceOrientationPortraitUpsideDown UIInterfaceOrientationLandscapeLeft UIInterfaceOrientationLandscapeRight";
				INFOPLIST_KEY_UISupportedInterfaceOrientations_iPhone = "UIInterfaceOrientationPortrait UIInterfaceOrientationLandscapeLeft UIInterfaceOrientationLandscapeRight";
				IPHONEOS_DEPLOYMENT_TARGET = 14.0;
				LD_RUNPATH_SEARCH_PATHS = (
					"$(inherited)",
					"@executable_path/Frameworks",
				);
				MARKETING_VERSION = 1.0;
				PRODUCT_BUNDLE_IDENTIFIER = com.alfredohdz.tdd.Albertos;
				PRODUCT_NAME = Albertos;
				SWIFT_EMIT_LOC_STRINGS = YES;
				SWIFT_VERSION = 5.0;
				TARGETED_DEVICE_FAMILY = "1,2";
			};
			name = Debug;
		};
		38F1361A26D3076900E1C41C /* Release */ = {
			isa = XCBuildConfiguration;
			buildSettings = {
				ALWAYS_EMBED_SWIFT_STANDARD_LIBRARIES = YES;
				ASSETCATALOG_COMPILER_APPICON_NAME = AppIcon;
				ASSETCATALOG_COMPILER_GLOBAL_ACCENT_COLOR_NAME = AccentColor;
				CODE_SIGN_STYLE = Automatic;
				CURRENT_PROJECT_VERSION = 1;
				DEVELOPMENT_ASSET_PATHS = "\"Albertos/Preview Content\"";
				DEVELOPMENT_TEAM = HS399QXLRD;
				ENABLE_PREVIEWS = YES;
				GENERATE_INFOPLIST_FILE = YES;
				INFOPLIST_KEY_UIApplicationSceneManifest_Generation = YES;
				INFOPLIST_KEY_UIApplicationSupportsIndirectInputEvents = YES;
				INFOPLIST_KEY_UILaunchScreen_Generation = YES;
				INFOPLIST_KEY_UISupportedInterfaceOrientations_iPad = "UIInterfaceOrientationPortrait UIInterfaceOrientationPortraitUpsideDown UIInterfaceOrientationLandscapeLeft UIInterfaceOrientationLandscapeRight";
				INFOPLIST_KEY_UISupportedInterfaceOrientations_iPhone = "UIInterfaceOrientationPortrait UIInterfaceOrientationLandscapeLeft UIInterfaceOrientationLandscapeRight";
				IPHONEOS_DEPLOYMENT_TARGET = 14.0;
				LD_RUNPATH_SEARCH_PATHS = (
					"$(inherited)",
					"@executable_path/Frameworks",
				);
				MARKETING_VERSION = 1.0;
				PRODUCT_BUNDLE_IDENTIFIER = com.alfredohdz.tdd.Albertos;
				PRODUCT_NAME = Albertos;
				SWIFT_EMIT_LOC_STRINGS = YES;
				SWIFT_VERSION = 5.0;
				TARGETED_DEVICE_FAMILY = "1,2";
			};
			name = Release;
		};
		38F1361C26D3076900E1C41C /* Debug */ = {
			isa = XCBuildConfiguration;
			buildSettings = {
				ALWAYS_EMBED_SWIFT_STANDARD_LIBRARIES = YES;
				BUNDLE_LOADER = "$(TEST_HOST)";
				CLANG_ENABLE_MODULES = YES;
				CODE_SIGN_STYLE = Automatic;
				CURRENT_PROJECT_VERSION = 1;
				DEVELOPMENT_TEAM = HS399QXLRD;
				GENERATE_INFOPLIST_FILE = YES;
				IPHONEOS_DEPLOYMENT_TARGET = 14.0;
				LD_RUNPATH_SEARCH_PATHS = (
					"$(inherited)",
					"@executable_path/Frameworks",
					"@loader_path/Frameworks",
				);
				MARKETING_VERSION = 1.0;
				PRODUCT_BUNDLE_IDENTIFIER = com.alfredohdz.tdd.AlbertosTests;
				PRODUCT_NAME = "$(TARGET_NAME)";
				SWIFT_EMIT_LOC_STRINGS = NO;
				SWIFT_OPTIMIZATION_LEVEL = "-Onone";
				SWIFT_VERSION = 5.0;
				TARGETED_DEVICE_FAMILY = "1,2";
				TEST_HOST = "$(BUILT_PRODUCTS_DIR)/Albertos.app/Albertos";
			};
			name = Debug;
		};
		38F1361D26D3076900E1C41C /* Release */ = {
			isa = XCBuildConfiguration;
			buildSettings = {
				ALWAYS_EMBED_SWIFT_STANDARD_LIBRARIES = YES;
				BUNDLE_LOADER = "$(TEST_HOST)";
				CLANG_ENABLE_MODULES = YES;
				CODE_SIGN_STYLE = Automatic;
				CURRENT_PROJECT_VERSION = 1;
				DEVELOPMENT_TEAM = HS399QXLRD;
				GENERATE_INFOPLIST_FILE = YES;
				IPHONEOS_DEPLOYMENT_TARGET = 14.0;
				LD_RUNPATH_SEARCH_PATHS = (
					"$(inherited)",
					"@executable_path/Frameworks",
					"@loader_path/Frameworks",
				);
				MARKETING_VERSION = 1.0;
				PRODUCT_BUNDLE_IDENTIFIER = com.alfredohdz.tdd.AlbertosTests;
				PRODUCT_NAME = "$(TARGET_NAME)";
				SWIFT_EMIT_LOC_STRINGS = NO;
				SWIFT_VERSION = 5.0;
				TARGETED_DEVICE_FAMILY = "1,2";
				TEST_HOST = "$(BUILT_PRODUCTS_DIR)/Albertos.app/Albertos";
			};
			name = Release;
		};
		38F1361F26D3076900E1C41C /* Debug */ = {
			isa = XCBuildConfiguration;
			buildSettings = {
				ALWAYS_EMBED_SWIFT_STANDARD_LIBRARIES = YES;
				CODE_SIGN_STYLE = Automatic;
				CURRENT_PROJECT_VERSION = 1;
				DEVELOPMENT_TEAM = HS399QXLRD;
				GENERATE_INFOPLIST_FILE = YES;
				LD_RUNPATH_SEARCH_PATHS = (
					"$(inherited)",
					"@executable_path/Frameworks",
					"@loader_path/Frameworks",
				);
				MARKETING_VERSION = 1.0;
				PRODUCT_BUNDLE_IDENTIFIER = com.alfredohdz.tdd.AlbertosUITests;
				PRODUCT_NAME = "$(TARGET_NAME)";
				SWIFT_EMIT_LOC_STRINGS = NO;
				SWIFT_VERSION = 5.0;
				TARGETED_DEVICE_FAMILY = "1,2";
				TEST_TARGET_NAME = Albertos;
			};
			name = Debug;
		};
		38F1362026D3076900E1C41C /* Release */ = {
			isa = XCBuildConfiguration;
			buildSettings = {
				ALWAYS_EMBED_SWIFT_STANDARD_LIBRARIES = YES;
				CODE_SIGN_STYLE = Automatic;
				CURRENT_PROJECT_VERSION = 1;
				DEVELOPMENT_TEAM = HS399QXLRD;
				GENERATE_INFOPLIST_FILE = YES;
				LD_RUNPATH_SEARCH_PATHS = (
					"$(inherited)",
					"@executable_path/Frameworks",
					"@loader_path/Frameworks",
				);
				MARKETING_VERSION = 1.0;
				PRODUCT_BUNDLE_IDENTIFIER = com.alfredohdz.tdd.AlbertosUITests;
				PRODUCT_NAME = "$(TARGET_NAME)";
				SWIFT_EMIT_LOC_STRINGS = NO;
				SWIFT_VERSION = 5.0;
				TARGETED_DEVICE_FAMILY = "1,2";
				TEST_TARGET_NAME = Albertos;
			};
			name = Release;
		};
/* End XCBuildConfiguration section */

/* Begin XCConfigurationList section */
		386D7D1F26D5765B00005318 /* Build configuration list for PBXNativeTarget "HippoPayments" */ = {
			isa = XCConfigurationList;
			buildConfigurations = (
				386D7D1D26D5765B00005318 /* Debug */,
				386D7D1E26D5765B00005318 /* Release */,
			);
			defaultConfigurationIsVisible = 0;
			defaultConfigurationName = Release;
		};
		386D7D3526D5772A00005318 /* Build configuration list for PBXNativeTarget "HippoAnalytics" */ = {
			isa = XCConfigurationList;
			buildConfigurations = (
				386D7D3626D5772A00005318 /* Debug */,
				386D7D3726D5772A00005318 /* Release */,
			);
			defaultConfigurationIsVisible = 0;
			defaultConfigurationName = Release;
		};
		38F135F126D3076800E1C41C /* Build configuration list for PBXProject "Albertos" */ = {
			isa = XCConfigurationList;
			buildConfigurations = (
				38F1361626D3076900E1C41C /* Debug */,
				38F1361726D3076900E1C41C /* Release */,
			);
			defaultConfigurationIsVisible = 0;
			defaultConfigurationName = Release;
		};
		38F1361826D3076900E1C41C /* Build configuration list for PBXNativeTarget "Albertos" */ = {
			isa = XCConfigurationList;
			buildConfigurations = (
				38F1361926D3076900E1C41C /* Debug */,
				38F1361A26D3076900E1C41C /* Release */,
			);
			defaultConfigurationIsVisible = 0;
			defaultConfigurationName = Release;
		};
		38F1361B26D3076900E1C41C /* Build configuration list for PBXNativeTarget "AlbertosTests" */ = {
			isa = XCConfigurationList;
			buildConfigurations = (
				38F1361C26D3076900E1C41C /* Debug */,
				38F1361D26D3076900E1C41C /* Release */,
			);
			defaultConfigurationIsVisible = 0;
			defaultConfigurationName = Release;
		};
		38F1361E26D3076900E1C41C /* Build configuration list for PBXNativeTarget "AlbertosUITests" */ = {
			isa = XCConfigurationList;
			buildConfigurations = (
				38F1361F26D3076900E1C41C /* Debug */,
				38F1362026D3076900E1C41C /* Release */,
			);
			defaultConfigurationIsVisible = 0;
			defaultConfigurationName = Release;
		};
/* End XCConfigurationList section */
	};
	rootObject = 38F135EE26D3076800E1C41C /* Project object */;
}
